{
  "name": "@senditapp/hermes-skills",
  "version": "0.2.0",
  "lockfileVersion": 3,
  "requires": true,
  "packages": {
    "": {
      "name": "@senditapp/hermes-skills",
      "version": "0.2.0",
      "license": "MIT",
      "dependencies": {
        "@lobehub/market-sdk": "^0.33.3"
      },
      "engines": {
        "node": ">=20"
      }
    },
    "node_modules/@lobehub/market-sdk": {
      "version": "0.33.3",
      "resolved": "https://registry.npmjs.org/@lobehub/market-sdk/-/market-sdk-0.33.3.tgz",
      "integrity": "sha512-dDJ96njAto3IX9IIBvTOJC7fY9M7MnBQukjw1d4gcpafjnzxJQaRkNcEkrtC65IyKjAiKK6iNALVvYhM7iAmdQ==",
      "license": "MIT",
      "dependencies": {
        "@lobehub/market-types": "^1.14.0",
        "debug": "^4.4.3",
        "jose": "^6.1.3",
        "url-join": "^5.0.0"
      },
      "peerDependencies": {
        "zod": "^3.24.4"
      }
    },
    "node_modules/@lobehub/market-types": {
      "version": "1.14.1",
      "resolved": "https://registry.npmjs.org/@lobehub/market-types/-/market-types-1.14.1.tgz",
      "integrity": "sha512-T+GO7IQhckgQN0I8HSeq+Z49ONolBJCIB4BDvUUvfQQbkvrahj388IO7ngjV1wlBzyeZz/dwkRYVUDlAr6zaPA==",
      "license": "MIT",
      "dependencies": {
        "zod": "^3.22.4"
      }
    },
    "node_modules/debug": {
      "version": "4.4.3",
      "resolved": "https://registry.npmjs.org/debug/-/debug-4.4.3.tgz",
      "integrity": "sha512-RGwwWnwQvkVfavKVt22FGLw+xYSdzARwm0ru6DhTVA3umU5hZc28V3kO4stgYryrTlLpuvgI9GiijltAjNbcqA==",
      "license": "MIT",
      "dependencies": {
        "ms": "^2.1.3"
      },
      "engines": {
        "node": ">=6.0"
      },
      "peerDependenciesMeta": {
        "supports-color": {
          "optional": true
        }
      }
    },
    "node_modules/jose": {
      "version": "6.2.3",
      "resolved": "https://registry.npmjs.org/jose/-/jose-6.2.3.tgz",
      "integrity": "sha512-YYVDInQKFJfR/xa3ojUTl8c2KoTwiL1R5Wg9YCydwH0x0B9grbzlg5HC7mMjCtUJjbQ/YnGEZIhI5tCgfTb4Hw==",
      "license": "MIT",
      "funding": {
        "url": "https://github.com/sponsors/panva"
      }
    },
    "node_modules/ms": {
      "version": "2.1.3",
      "resolved": "https://registry.npmjs.org/ms/-/ms-2.1.3.tgz",
      "integrity": "sha512-6FlzubTLZG3J2a/NVCAleEhjzq5oxgHyaCU9yYXvcLsvoVaHJq/s5xXI6/XXP6tz7R9xAOtHnSO/tXtF3WRTlA==",
      "license": "MIT"
    },
    "node_modules/url-join": {
      "version": "5.0.0",
      "resolved": "https://registry.npmjs.org/url-join/-/url-join-5.0.0.tgz",
      "integrity": "sha512-n2huDr9h9yzd6exQVnH/jU5mr+Pfx08LRXXZhkLLetAMESRj+anQsTAh940iMrIetKAmry9coFuZQ2jY8/p3WA==",
      "license": "MIT",
      "engines": {
        "node": "^12.20.0 || ^14.13.1 || >=16.0.0"
      }
    },
    "node_modules/zod": {
      "version": "3.25.76",
      "resolved": "https://registry.npmjs.org/zod/-/zod-3.25.76.tgz",
      "integrity": "sha512-gzUt/qt81nXsFGKIFcC3YnfEAx5NkunCfnDlvuBSSFS02bcXu4Lmea0AFIUwbLWxWPx3d9p8S5QoaujKcNQxcQ==",
      "license": "MIT",
      "peer": true,
      "funding": {
        "url": "https://github.com/sponsors/colinhacks"
      }
    }
  }
}
